// !$*UTF8*$!
{
	archiveVersion = 1;
	classes = {
	};
	objectVersion = 55;
	objects = {

/* Begin PBXBuildFile section */
		FE542C59283DF8ED004E7C91 /* ExpenseTrackerApp.swift in Sources */ = {isa = PBXBuildFile; fileRef = FE542C58283DF8ED004E7C91 /* ExpenseTrackerApp.swift */; };
		FE542C5B283DF8ED004E7C91 /* ContentView.swift in Sources */ = {isa = PBXBuildFile; fileRef = FE542C5A283DF8ED004E7C91 /* ContentView.swift */; };
		FE542C5D283DF8ED004E7C91 /* Assets.xcassets in Resources */ = {isa = PBXBuildFile; fileRef = FE542C5C283DF8ED004E7C91 /* Assets.xcassets */; };
		FE542C60283DF8ED004E7C91 /* Preview Assets.xcassets in Resources */ = {isa = PBXBuildFile; fileRef = FE542C5F283DF8ED004E7C91 /* Preview Assets.xcassets */; };
		FE542C67283DFB03004E7C91 /* Extensions.swift in Sources */ = {isa = PBXBuildFile; fileRef = FE542C66283DFB03004E7C91 /* Extensions.swift */; };
		FE542C69283E0023004E7C91 /* TransactionModel.swift in Sources */ = {isa = PBXBuildFile; fileRef = FE542C68283E0023004E7C91 /* TransactionModel.swift */; };
		FE542C6B283E026B004E7C91 /* PreviewData.swift in Sources */ = {isa = PBXBuildFile; fileRef = FE542C6A283E026B004E7C91 /* PreviewData.swift */; };
		FE542C6F283E0357004E7C91 /* TransactionRow.swift in Sources */ = {isa = PBXBuildFile; fileRef = FE542C6E283E0357004E7C91 /* TransactionRow.swift */; };
		FE542C72283E0EAA004E7C91 /* SwiftUIFontIcon in Frameworks */ = {isa = PBXBuildFile; productRef = FE542C71283E0EAA004E7C91 /* SwiftUIFontIcon */; };
		FE542C74283E0F9B004E7C91 /* TransactionListViewModel.swift in Sources */ = {isa = PBXBuildFile; fileRef = FE542C73283E0F9B004E7C91 /* TransactionListViewModel.swift */; };
		FE542C76283E1853004E7C91 /* RecentTransactionList.swift in Sources */ = {isa = PBXBuildFile; fileRef = FE542C75283E1853004E7C91 /* RecentTransactionList.swift */; };
		FE542C78283E4010004E7C91 /* TransactionList.swift in Sources */ = {isa = PBXBuildFile; fileRef = FE542C77283E4010004E7C91 /* TransactionList.swift */; };
		FE542C7B283E45B9004E7C91 /* Collections in Frameworks */ = {isa = PBXBuildFile; productRef = FE542C7A283E45B9004E7C91 /* Collections */; };
		FE542C7E283E46A7004E7C91 /* SwiftUICharts in Frameworks */ = {isa = PBXBuildFile; productRef = FE542C7D283E46A7004E7C91 /* SwiftUICharts */; };
		FE7004FC28BBA8DB00425DF5 /* file1.png in Resources */ = {isa = PBXBuildFile; fileRef = FE7004FB28BBA8DB00425DF5 /* file1.png */; };
		FE7004FE28BBA8EF00425DF5 /* file2.png in Resources */ = {isa = PBXBuildFile; fileRef = FE7004FD28BBA8EF00425DF5 /* file2.png */; };
/* End PBXBuildFile section */

/* Begin PBXFileReference section */
		FE542C55283DF8ED004E7C91 /* ExpenseTracker.app */ = {isa = PBXFileReference; explicitFileType = wrapper.application; includeInIndex = 0; path = ExpenseTracker.app; sourceTree = BUILT_PRODUCTS_DIR; };
		FE542C58283DF8ED004E7C91 /* ExpenseTrackerApp.swift */ = {isa = PBXFileReference; lastKnownFileType = sourcecode.swift; path = ExpenseTrackerApp.swift; sourceTree = "<group>"; };
		FE542C5A283DF8ED004E7C91 /* ContentView.swift */ = {isa = PBXFileReference; lastKnownFileType = sourcecode.swift; path = ContentView.swift; sourceTree = "<group>"; };
		FE542C5C283DF8ED004E7C91 /* Assets.xcassets */ = {isa = PBXFileReference; lastKnownFileType = folder.assetcatalog; path = Assets.xcassets; sourceTree = "<group>"; };
		FE542C5F283DF8ED004E7C91 /* Preview Assets.xcassets */ = {isa = PBXFileReference; lastKnownFileType = folder.assetcatalog; path = "Preview Assets.xcassets"; sourceTree = "<group>"; };
		FE542C66283DFB03004E7C91 /* Extensions.swift */ = {isa = PBXFileReference; lastKnownFileType = sourcecode.swift; path = Extensions.swift; sourceTree = "<group>"; };
		FE542C68283E0023004E7C91 /* TransactionModel.swift */ = {isa = PBXFileReference; lastKnownFileType = sourcecode.swift; path = TransactionModel.swift; sourceTree = "<group>"; };
		FE542C6A283E026B004E7C91 /* PreviewData.swift */ = {isa = PBXFileReference; lastKnownFileType = sourcecode.swift; path = PreviewData.swift; sourceTree = "<group>"; };
		FE542C6E283E0357004E7C91 /* TransactionRow.swift */ = {isa = PBXFileReference; lastKnownFileType = sourcecode.swift; path = TransactionRow.swift; sourceTree = "<group>"; };
		FE542C73283E0F9B004E7C91 /* TransactionListViewModel.swift */ = {isa = PBXFileReference; lastKnownFileType = sourcecode.swift; path = TransactionListViewModel.swift; sourceTree = "<group>"; };
		FE542C75283E1853004E7C91 /* RecentTransactionList.swift */ = {isa = PBXFileReference; lastKnownFileType = sourcecode.swift; path = RecentTransactionList.swift; sourceTree = "<group>"; };
		FE542C77283E4010004E7C91 /* TransactionList.swift */ = {isa = PBXFileReference; lastKnownFileType = sourcecode.swift; path = TransactionList.swift; sourceTree = "<group>"; };
		FE7004FB28BBA8DB00425DF5 /* file1.png */ = {isa = PBXFileReference; lastKnownFileType = image.png; path = file1.png; sourceTree = "<group>"; };
		FE7004FD28BBA8EF00425DF5 /* file2.png */ = {isa = PBXFileReference; lastKnownFileType = image.png; path = file2.png; sourceTree = "<group>"; };
/* End PBXFileReference section */

/* Begin PBXFrameworksBuildPhase section */
		FE542C52283DF8ED004E7C91 /* Frameworks */ = {
			isa = PBXFrameworksBuildPhase;
			buildActionMask = 2147483647;
			files = (
				FE542C7E283E46A7004E7C91 /* SwiftUICharts in Frameworks */,
				FE542C7B283E45B9004E7C91 /* Collections in Frameworks */,
				FE542C72283E0EAA004E7C91 /* SwiftUIFontIcon in Frameworks */,
			);
			runOnlyForDeploymentPostprocessing = 0;
		};
/* End PBXFrameworksBuildPhase section */

/* Begin PBXGroup section */
		FE542C4C283DF8ED004E7C91 = {
			isa = PBXGroup;
			children = (
				FE542C57283DF8ED004E7C91 /* ExpenseTracker */,
				FE542C56283DF8ED004E7C91 /* Products */,
			);
			sourceTree = "<group>";
		};
		FE542C56283DF8ED004E7C91 /* Products */ = {
			isa = PBXGroup;
			children = (
				FE542C55283DF8ED004E7C91 /* ExpenseTracker.app */,
			);
			name = Products;
			sourceTree = "<group>";
		};
		FE542C57283DF8ED004E7C91 /* ExpenseTracker */ = {
			isa = PBXGroup;
			children = (
				FE7004FA28BBA8B900425DF5 /* Screenshots */,
				FE542C66283DFB03004E7C91 /* Extensions.swift */,
				FE542C58283DF8ED004E7C91 /* ExpenseTrackerApp.swift */,
				FE542C5A283DF8ED004E7C91 /* ContentView.swift */,
				FE542C77283E4010004E7C91 /* TransactionList.swift */,
				FE542C75283E1853004E7C91 /* RecentTransactionList.swift */,
				FE542C6E283E0357004E7C91 /* TransactionRow.swift */,
				FE542C73283E0F9B004E7C91 /* TransactionListViewModel.swift */,
				FE542C68283E0023004E7C91 /* TransactionModel.swift */,
				FE542C5C283DF8ED004E7C91 /* Assets.xcassets */,
				FE542C5E283DF8ED004E7C91 /* Preview Content */,
			);
			path = ExpenseTracker;
			sourceTree = "<group>";
		};
		FE542C5E283DF8ED004E7C91 /* Preview Content */ = {
			isa = PBXGroup;
			children = (
				FE542C5F283DF8ED004E7C91 /* Preview Assets.xcassets */,
				FE542C6A283E026B004E7C91 /* PreviewData.swift */,
			);
			path = "Preview Content";
			sourceTree = "<group>";
		};
		FE7004FA28BBA8B900425DF5 /* Screenshots */ = {
			isa = PBXGroup;
			children = (
				FE7004FB28BBA8DB00425DF5 /* file1.png */,
				FE7004FD28BBA8EF00425DF5 /* file2.png */,
			);
			path = Screenshots;
			sourceTree = "<group>";
		};
/* End PBXGroup section */

/* Begin PBXNativeTarget section */
		FE542C54283DF8ED004E7C91 /* ExpenseTracker */ = {
			isa = PBXNativeTarget;
			buildConfigurationList = FE542C63283DF8ED004E7C91 /* Build configuration list for PBXNativeTarget "ExpenseTracker" */;
			buildPhases = (
				FE542C51283DF8ED004E7C91 /* Sources */,
				FE542C52283DF8ED004E7C91 /* Frameworks */,
				FE542C53283DF8ED004E7C91 /* Resources */,
			);
			buildRules = (
			);
			dependencies = (
			);
			name = ExpenseTracker;
			packageProductDependencies = (
				FE542C71283E0EAA004E7C91 /* SwiftUIFontIcon */,
				FE542C7A283E45B9004E7C91 /* Collections */,
				FE542C7D283E46A7004E7C91 /* SwiftUICharts */,
			);
			productName = ExpenseTracker;
			productReference = FE542C55283DF8ED004E7C91 /* ExpenseTracker.app */;
			productType = "com.apple.product-type.application";
		};
/* End PBXNativeTarget section */

/* Begin PBXProject section */
		FE542C4D283DF8ED004E7C91 /* Project object */ = {
			isa = PBXProject;
			attributes = {
				BuildIndependentTargetsInParallel = 1;
				LastSwiftUpdateCheck = 1320;
				LastUpgradeCheck = 1320;
				TargetAttributes = {
					FE542C54283DF8ED004E7C91 = {
						CreatedOnToolsVersion = 13.2.1;
					};
				};
			};
			buildConfigurationList = FE542C50283DF8ED004E7C91 /* Build configuration list for PBXProject "ExpenseTracker" */;
			compatibilityVersion = "Xcode 13.0";
			developmentRegion = en;
			hasScannedForEncodings = 0;
			knownRegions = (
				en,
				Base,
			);
			mainGroup = FE542C4C283DF8ED004E7C91;
			packageReferences = (
				FE542C70283E0EAA004E7C91 /* XCRemoteSwiftPackageReference "SwiftUIFontIcon" */,
				FE542C79283E45B9004E7C91 /* XCRemoteSwiftPackageReference "swift-collections" */,
				FE542C7C283E46A7004E7C91 /* XCRemoteSwiftPackageReference "ChartView" */,
			);
			productRefGroup = FE542C56283DF8ED004E7C91 /* Products */;
			projectDirPath = "";
			projectRoot = "";
			targets = (
				FE542C54283DF8ED004E7C91 /* ExpenseTracker */,
			);
		};
/* End PBXProject section */

/* Begin PBXResourcesBuildPhase section */
		FE542C53283DF8ED004E7C91 /* Resources */ = {
			isa = PBXResourcesBuildPhase;
			buildActionMask = 2147483647;
			files = (
				FE7004FE28BBA8EF00425DF5 /* file2.png in Resources */,
				FE7004FC28BBA8DB00425DF5 /* file1.png in Resources */,
				FE542C60283DF8ED004E7C91 /* Preview Assets.xcassets in Resources */,
				FE542C5D283DF8ED004E7C91 /* Assets.xcassets in Resources */,
			);
			runOnlyForDeploymentPostprocessing = 0;
		};
/* End PBXResourcesBuildPhase section */

/* Begin PBXSourcesBuildPhase section */
		FE542C51283DF8ED004E7C91 /* Sources */ = {
			isa = PBXSourcesBuildPhase;
			buildActionMask = 2147483647;
			files = (
				FE542C6B283E026B004E7C91 /* PreviewData.swift in Sources */,
				FE542C78283E4010004E7C91 /* TransactionList.swift in Sources */,
				FE542C76283E1853004E7C91 /* RecentTransactionList.swift in Sources */,
				FE542C69283E0023004E7C91 /* TransactionModel.swift in Sources */,
				FE542C5B283DF8ED004E7C91 /* ContentView.swift in Sources */,
				FE542C6F283E0357004E7C91 /* TransactionRow.swift in Sources */,
				FE542C67283DFB03004E7C91 /* Extensions.swift in Sources */,
				FE542C74283E0F9B004E7C91 /* TransactionListViewModel.swift in Sources */,
				FE542C59283DF8ED004E7C91 /* ExpenseTrackerApp.swift in Sources */,
			);
			runOnlyForDeploymentPostprocessing = 0;
		};
/* End PBXSourcesBuildPhase section */

/* Begin XCBuildConfiguration section */
		FE542C61283DF8ED004E7C91 /* Debug */ = {
			isa = XCBuildConfiguration;
			buildSettings = {
				ALWAYS_SEARCH_USER_PATHS = NO;
				CLANG_ANALYZER_NONNULL = YES;
				CLANG_ANALYZER_NUMBER_OBJECT_CONVERSION = YES_AGGRESSIVE;
				CLANG_CXX_LANGUAGE_STANDARD = "gnu++17";
				CLANG_CXX_LIBRARY = "libc++";
				CLANG_ENABLE_MODULES = YES;
				CLANG_ENABLE_OBJC_ARC = YES;
				CLANG_ENABLE_OBJC_WEAK = YES;
				CLANG_WARN_BLOCK_CAPTURE_AUTORELEASING = YES;
				CLANG_WARN_BOOL_CONVERSION = YES;
				CLANG_WARN_COMMA = YES;
				CLANG_WARN_CONSTANT_CONVERSION = YES;
				CLANG_WARN_DEPRECATED_OBJC_IMPLEMENTATIONS = YES;
				CLANG_WARN_DIRECT_OBJC_ISA_USAGE = YES_ERROR;
				CLANG_WARN_DOCUMENTATION_COMMENTS = YES;
				CLANG_WARN_EMPTY_BODY = YES;
				CLANG_WARN_ENUM_CONVERSION = YES;
				CLANG_WARN_INFINITE_RECURSION = YES;
				CLANG_WARN_INT_CONVERSION = YES;
				CLANG_WARN_NON_LITERAL_NULL_CONVERSION = YES;
				CLANG_WARN_OBJC_IMPLICIT_RETAIN_SELF = YES;
				CLANG_WARN_OBJC_LITERAL_CONVERSION = YES;
				CLANG_WARN_OBJC_ROOT_CLASS = YES_ERROR;
				CLANG_WARN_QUOTED_INCLUDE_IN_FRAMEWORK_HEADER = YES;
				CLANG_WARN_RANGE_LOOP_ANALYSIS = YES;
				CLANG_WARN_STRICT_PROTOTYPES = YES;
				CLANG_WARN_SUSPICIOUS_MOVE = YES;
				CLANG_WARN_UNGUARDED_AVAILABILITY = YES_AGGRESSIVE;
				CLANG_WARN_UNREACHABLE_CODE = YES;
				CLANG_WARN__DUPLICATE_METHOD_MATCH = YES;
				COPY_PHASE_STRIP = NO;
				DEBUG_INFORMATION_FORMAT = dwarf;
				ENABLE_STRICT_OBJC_MSGSEND = YES;
				ENABLE_TESTABILITY = YES;
				GCC_C_LANGUAGE_STANDARD = gnu11;
				GCC_DYNAMIC_NO_PIC = NO;
				GCC_NO_COMMON_BLOCKS = YES;
				GCC_OPTIMIZATION_LEVEL = 0;
				GCC_PREPROCESSOR_DEFINITIONS = (
					"DEBUG=1",
					"$(inherited)",
				);
				GCC_WARN_64_TO_32_BIT_CONVERSION = YES;
				GCC_WARN_ABOUT_RETURN_TYPE = YES_ERROR;
				GCC_WARN_UNDECLARED_SELECTOR = YES;
				GCC_WARN_UNINITIALIZED_AUTOS = YES_AGGRESSIVE;
				GCC_WARN_UNUSED_FUNCTION = YES;
				GCC_WARN_UNUSED_VARIABLE = YES;
				IPHONEOS_DEPLOYMENT_TARGET = 15.2;
				MTL_ENABLE_DEBUG_INFO = INCLUDE_SOURCE;
				MTL_FAST_MATH = YES;
				ONLY_ACTIVE_ARCH = YES;
				SDKROOT = iphoneos;
				SWIFT_ACTIVE_COMPILATION_CONDITIONS = DEBUG;
				SWIFT_OPTIMIZATION_LEVEL = "-Onone";
			};
			name = Debug;
		};
		FE542C62283DF8ED004E7C91 /* Release */ = {
			isa = XCBuildConfiguration;
			buildSettings = {
				ALWAYS_SEARCH_USER_PATHS = NO;
				CLANG_ANALYZER_NONNULL = YES;
				CLANG_ANALYZER_NUMBER_OBJECT_CONVERSION = YES_AGGRESSIVE;
				CLANG_CXX_LANGUAGE_STANDARD = "gnu++17";
				CLANG_CXX_LIBRARY = "libc++";
				CLANG_ENABLE_MODULES = YES;
				CLANG_ENABLE_OBJC_ARC = YES;
				CLANG_ENABLE_OBJC_WEAK = YES;
				CLANG_WARN_BLOCK_CAPTURE_AUTORELEASING = YES;
				CLANG_WARN_BOOL_CONVERSION = YES;
				CLANG_WARN_COMMA = YES;
				CLANG_WARN_CONSTANT_CONVERSION = YES;
				CLANG_WARN_DEPRECATED_OBJC_IMPLEMENTATIONS = YES;
				CLANG_WARN_DIRECT_OBJC_ISA_USAGE = YES_ERROR;
				CLANG_WARN_DOCUMENTATION_COMMENTS = YES;
				CLANG_WARN_EMPTY_BODY = YES;
				CLANG_WARN_ENUM_CONVERSION = YES;
				CLANG_WARN_INFINITE_RECURSION = YES;
				CLANG_WARN_INT_CONVERSION = YES;
				CLANG_WARN_NON_LITERAL_NULL_CONVERSION = YES;
				CLANG_WARN_OBJC_IMPLICIT_RETAIN_SELF = YES;
				CLANG_WARN_OBJC_LITERAL_CONVERSION = YES;
				CLANG_WARN_OBJC_ROOT_CLASS = YES_ERROR;
				CLANG_WARN_QUOTED_INCLUDE_IN_FRAMEWORK_HEADER = YES;
				CLANG_WARN_RANGE_LOOP_ANALYSIS = YES;
				CLANG_WARN_STRICT_PROTOTYPES = YES;
				CLANG_WARN_SUSPICIOUS_MOVE = YES;
				CLANG_WARN_UNGUARDED_AVAILABILITY = YES_AGGRESSIVE;
				CLANG_WARN_UNREACHABLE_CODE = YES;
				CLANG_WARN__DUPLICATE_METHOD_MATCH = YES;
				COPY_PHASE_STRIP = NO;
				DEBUG_INFORMATION_FORMAT = "dwarf-with-dsym";
				ENABLE_NS_ASSERTIONS = NO;
				ENABLE_STRICT_OBJC_MSGSEND = YES;
				GCC_C_LANGUAGE_STANDARD = gnu11;
				GCC_NO_COMMON_BLOCKS = YES;
				GCC_WARN_64_TO_32_BIT_CONVERSION = YES;
				GCC_WARN_ABOUT_RETURN_TYPE = YES_ERROR;
				GCC_WARN_UNDECLARED_SELECTOR = YES;
				GCC_WARN_UNINITIALIZED_AUTOS = YES_AGGRESSIVE;
				GCC_WARN_UNUSED_FUNCTION = YES;
				GCC_WARN_UNUSED_VARIABLE = YES;
				IPHONEOS_DEPLOYMENT_TARGET = 15.2;
				MTL_ENABLE_DEBUG_INFO = NO;
				MTL_FAST_MATH = YES;
				SDKROOT = iphoneos;
				SWIFT_COMPILATION_MODE = wholemodule;
				SWIFT_OPTIMIZATION_LEVEL = "-O";
				VALIDATE_PRODUCT = YES;
			};
			name = Release;
		};
		FE542C64283DF8ED004E7C91 /* Debug */ = {
			isa = XCBuildConfiguration;
			buildSettings = {
				ASSETCATALOG_COMPILER_APPICON_NAME = AppIcon;
				ASSETCATALOG_COMPILER_GLOBAL_ACCENT_COLOR_NAME = AccentColor;
				CODE_SIGN_STYLE = Automatic;
				CURRENT_PROJECT_VERSION = 1;
				DEVELOPMENT_ASSET_PATHS = "\"ExpenseTracker/Preview Content\"";
				ENABLE_PREVIEWS = YES;
				GENERATE_INFOPLIST_FILE = YES;
				INFOPLIST_KEY_UIApplicationSceneManifest_Generation = YES;
				INFOPLIST_KEY_UIApplicationSupportsIndirectInputEvents = YES;
				INFOPLIST_KEY_UILaunchScreen_Generation = YES;
				INFOPLIST_KEY_UISupportedInterfaceOrientations_iPad = "UIInterfaceOrientationPortrait UIInterfaceOrientationPortraitUpsideDown UIInterfaceOrientationLandscapeLeft UIInterfaceOrientationLandscapeRight";
				INFOPLIST_KEY_UISupportedInterfaceOrientations_iPhone = "UIInterfaceOrientationPortrait UIInterfaceOrientationLandscapeLeft UIInterfaceOrientationLandscapeRight";
				LD_RUNPATH_SEARCH_PATHS = (
					"$(inherited)",
					"@executable_path/Frameworks",
				);
				MARKETING_VERSION = 1.0;
				PRODUCT_BUNDLE_IDENTIFIER = ios.designcode.ExpenseTracker;
				PRODUCT_NAME = "$(TARGET_NAME)";
				SWIFT_EMIT_LOC_STRINGS = YES;
				SWIFT_VERSION = 5.0;
				TARGETED_DEVICE_FAMILY = "1,2";
			};
			name = Debug;
		};
		FE542C65283DF8ED004E7C91 /* Release */ = {
			isa = XCBuildConfiguration;
			buildSettings = {
				ASSETCATALOG_COMPILER_APPICON_NAME = AppIcon;
				ASSETCATALOG_COMPILER_GLOBAL_ACCENT_COLOR_NAME = AccentColor;
				CODE_SIGN_STYLE = Automatic;
				CURRENT_PROJECT_VERSION = 1;
				DEVELOPMENT_ASSET_PATHS = "\"ExpenseTracker/Preview Content\"";
				ENABLE_PREVIEWS = YES;
				GENERATE_INFOPLIST_FILE = YES;
				INFOPLIST_KEY_UIApplicationSceneManifest_Generation = YES;
				INFOPLIST_KEY_UIApplicationSupportsIndirectInputEvents = YES;
				INFOPLIST_KEY_UILaunchScreen_Generation = YES;
				INFOPLIST_KEY_UISupportedInterfaceOrientations_iPad = "UIInterfaceOrientationPortrait UIInterfaceOrientationPortraitUpsideDown UIInterfaceOrientationLandscapeLeft UIInterfaceOrientationLandscapeRight";
				INFOPLIST_KEY_UISupportedInterfaceOrientations_iPhone = "UIInterfaceOrientationPortrait UIInterfaceOrientationLandscapeLeft UIInterfaceOrientationLandscapeRight";
				LD_RUNPATH_SEARCH_PATHS = (
					"$(inherited)",
					"@executable_path/Frameworks",
				);
				MARKETING_VERSION = 1.0;
				PRODUCT_BUNDLE_IDENTIFIER = ios.designcode.ExpenseTracker;
				PRODUCT_NAME = "$(TARGET_NAME)";
				SWIFT_EMIT_LOC_STRINGS = YES;
				SWIFT_VERSION = 5.0;
				TARGETED_DEVICE_FAMILY = "1,2";
			};
			name = Release;
		};
/* End XCBuildConfiguration section */

/* Begin XCConfigurationList section */
		FE542C50283DF8ED004E7C91 /* Build configuration list for PBXProject "ExpenseTracker" */ = {
			isa = XCConfigurationList;
			buildConfigurations = (
				FE542C61283DF8ED004E7C91 /* Debug */,
				FE542C62283DF8ED004E7C91 /* Release */,
			);
			defaultConfigurationIsVisible = 0;
			defaultConfigurationName = Release;
		};
		FE542C63283DF8ED004E7C91 /* Build configuration list for PBXNativeTarget "ExpenseTracker" */ = {
			isa = XCConfigurationList;
			buildConfigurations = (
				FE542C64283DF8ED004E7C91 /* Debug */,
				FE542C65283DF8ED004E7C91 /* Release */,
			);
			defaultConfigurationIsVisible = 0;
			defaultConfigurationName = Release;
		};
/* End XCConfigurationList section */

/* Begin XCRemoteSwiftPackageReference section */
		FE542C70283E0EAA004E7C91 /* XCRemoteSwiftPackageReference "SwiftUIFontIcon" */ = {
			isa = XCRemoteSwiftPackageReference;
			repositoryURL = "https://github.com/huybuidac/SwiftUIFontIcon";
			requirement = {
				branch = master;
				kind = branch;
			};
		};
		FE542C79283E45B9004E7C91 /* XCRemoteSwiftPackageReference "swift-collections" */ = {
			isa = XCRemoteSwiftPackageReference;
			repositoryURL = "https://github.com/apple/swift-collections.git";
			requirement = {
				kind = upToNextMajorVersion;
				minimumVersion = 1.0.2;
			};
		};
		FE542C7C283E46A7004E7C91 /* XCRemoteSwiftPackageReference "ChartView" */ = {
			isa = XCRemoteSwiftPackageReference;
			repositoryURL = "https://github.com/AppPear/ChartView";
			requirement = {
				kind = exactVersion;
				version = "2.0.0-beta.2";
			};
		};
/* End XCRemoteSwiftPackageReference section */

/* Begin XCSwiftPackageProductDependency section */
		FE542C71283E0EAA004E7C91 /* SwiftUIFontIcon */ = {
			isa = XCSwiftPackageProductDependency;
			package = FE542C70283E0EAA004E7C91 /* XCRemoteSwiftPackageReference "SwiftUIFontIcon" */;
			productName = SwiftUIFontIcon;
		};
		FE542C7A283E45B9004E7C91 /* Collections */ = {
			isa = XCSwiftPackageProductDependency;
			package = FE542C79283E45B9004E7C91 /* XCRemoteSwiftPackageReference "swift-collections" */;
			productName = Collections;
		};
		FE542C7D283E46A7004E7C91 /* SwiftUICharts */ = {
			isa = XCSwiftPackageProductDependency;
			package = FE542C7C283E46A7004E7C91 /* XCRemoteSwiftPackageReference "ChartView" */;
			productName = SwiftUICharts;
		};
/* End XCSwiftPackageProductDependency section */
	};
	rootObject = FE542C4D283DF8ED004E7C91 /* Project object */;
}
